
Microsoft Visual Studio Solution File, Format Version 12.00
Project("{FAE04EC0-301F-11D3-BF4B-00C04F79EFBC}") = "DeathList", "DeathList\DeathList.csproj", "{9319A46E-80CF-48E3-91A4-6C040B13F657}"
EndProject
Project("{FAE04EC0-301F-11D3-BF4B-00C04F79EFBC}") = "DeathList.Droid", "DeathList.Droid\DeathList.Droid.csproj", "{B8E5A0DF-C1CE-4EF7-A25E-2D9B321E2142}"
EndProject
Global
	GlobalSection(SolutionConfigurationPlatforms) = preSolution
		Ad-Hoc|iPhone = Ad-Hoc|iPhone
		AppStore|iPhone = AppStore|iPhone
		Debug|Any CPU = Debug|Any CPU
		Debug|iPhone = Debug|iPhone
		Debug|iPhoneSimulator = Debug|iPhoneSimulator
		Release|Any CPU = Release|Any CPU
		Release|iPhone = Release|iPhone
		Release|iPhoneSimulator = Release|iPhoneSimulator
	EndGlobalSection
	GlobalSection(ProjectConfigurationPlatforms) = postSolution
		{9319A46E-80CF-48E3-91A4-6C040B13F657}.Ad-Hoc|iPhone.ActiveCfg = Debug|Any CPU
		{9319A46E-80CF-48E3-91A4-6C040B13F657}.Ad-Hoc|iPhone.Build.0 = Debug|Any CPU
		{9319A46E-80CF-48E3-91A4-6C040B13F657}.AppStore|iPhone.ActiveCfg = Debug|Any CPU
		{9319A46E-80CF-48E3-91A4-6C040B13F657}.AppStore|iPhone.Build.0 = Debug|Any CPU
		{9319A46E-80CF-48E3-91A4-6C040B13F657}.Debug|Any CPU.ActiveCfg = Debug|Any CPU
		{9319A46E-80CF-48E3-91A4-6C040B13F657}.Debug|Any CPU.Build.0 = Debug|Any CPU
		{9319A46E-80CF-48E3-91A4-6C040B13F657}.Debug|iPhone.ActiveCfg = Debug|Any CPU
		{9319A46E-80CF-48E3-91A4-6C040B13F657}.Debug|iPhone.Build.0 = Debug|Any CPU
		{9319A46E-80CF-48E3-91A4-6C040B13F657}.Debug|iPhoneSimulator.ActiveCfg = Debug|Any CPU
		{9319A46E-80CF-48E3-91A4-6C040B13F657}.Debug|iPhoneSimulator.Build.0 = Debug|Any CPU
		{9319A46E-80CF-48E3-91A4-6C040B13F657}.Release|Any CPU.ActiveCfg = Release|Any CPU
		{9319A46E-80CF-48E3-91A4-6C040B13F657}.Release|Any CPU.Build.0 = Release|Any CPU
		{9319A46E-80CF-48E3-91A4-6C040B13F657}.Release|iPhone.ActiveCfg = Release|Any CPU
		{9319A46E-80CF-48E3-91A4-6C040B13F657}.Release|iPhone.Build.0 = Release|Any CPU
		{9319A46E-80CF-48E3-91A4-6C040B13F657}.Release|iPhoneSimulator.ActiveCfg = Release|Any CPU
		{9319A46E-80CF-48E3-91A4-6C040B13F657}.Release|iPhoneSimulator.Build.0 = Release|Any CPU
		{B8E5A0DF-C1CE-4EF7-A25E-2D9B321E2142}.Ad-Hoc|iPhone.ActiveCfg = Debug|Any CPU
		{B8E5A0DF-C1CE-4EF7-A25E-2D9B321E2142}.Ad-Hoc|iPhone.Build.0 = Debug|Any CPU
		{B8E5A0DF-C1CE-4EF7-A25E-2D9B321E2142}.Ad-Hoc|iPhone.Deploy.0 = Debug|Any CPU
		{B8E5A0DF-C1CE-4EF7-A25E-2D9B321E2142}.AppStore|iPhone.ActiveCfg = Debug|Any CPU
		{B8E5A0DF-C1CE-4EF7-A25E-2D9B321E2142}.AppStore|iPhone.Build.0 = Debug|Any CPU
		{B8E5A0DF-C1CE-4EF7-A25E-2D9B321E2142}.AppStore|iPhone.Deploy.0 = Debug|Any CPU
		{B8E5A0DF-C1CE-4EF7-A25E-2D9B321E2142}.Debug|Any CPU.ActiveCfg = Debug|Any CPU
		{B8E5A0DF-C1CE-4EF7-A25E-2D9B321E2142}.Debug|Any CPU.Build.0 = Debug|Any CPU
		{B8E5A0DF-C1CE-4EF7-A25E-2D9B321E2142}.Debug|Any CPU.Deploy.0 = Debug|Any CPU
		{B8E5A0DF-C1CE-4EF7-A25E-2D9B321E2142}.Debug|iPhone.ActiveCfg = Debug|Any CPU
		{B8E5A0DF-C1CE-4EF7-A25E-2D9B321E2142}.Debug|iPhone.Build.0 = Debug|Any CPU
		{B8E5A0DF-C1CE-4EF7-A25E-2D9B321E2142}.Debug|iPhone.Deploy.0 = Debug|Any CPU
		{B8E5A0DF-C1CE-4EF7-A25E-2D9B321E2142}.Debug|iPhoneSimulator.ActiveCfg = Debug|Any CPU
		{B8E5A0DF-C1CE-4EF7-A25E-2D9B321E2142}.Debug|iPhoneSimulator.Build.0 = Debug|Any CPU
		{B8E5A0DF-C1CE-4EF7-A25E-2D9B321E2142}.Debug|iPhoneSimulator.Deploy.0 = Debug|Any CPU
		{B8E5A0DF-C1CE-4EF7-A25E-2D9B321E2142}.Release|Any CPU.ActiveCfg = Release|Any CPU
		{B8E5A0DF-C1CE-4EF7-A25E-2D9B321E2142}.Release|Any CPU.Build.0 = Release|Any CPU
		{B8E5A0DF-C1CE-4EF7-A25E-2D9B321E2142}.Release|Any CPU.Deploy.0 = Release|Any CPU
		{B8E5A0DF-C1CE-4EF7-A25E-2D9B321E2142}.Release|iPhone.ActiveCfg = Release|Any CPU
		{B8E5A0DF-C1CE-4EF7-A25E-2D9B321E2142}.Release|iPhone.Build.0 = Release|Any CPU
		{B8E5A0DF-C1CE-4EF7-A25E-2D9B321E2142}.Release|iPhone.Deploy.0 = Release|Any CPU
		{B8E5A0DF-C1CE-4EF7-A25E-2D9B321E2142}.Release|iPhoneSimulator.ActiveCfg = Release|Any CPU
		{B8E5A0DF-C1CE-4EF7-A25E-2D9B321E2142}.Release|iPhoneSimulator.Build.0 = Release|Any CPU
		{B8E5A0DF-C1CE-4EF7-A25E-2D9B321E2142}.Release|iPhoneSimulator.Deploy.0 = Release|Any CPU
	EndGlobalSection
EndGlobal
